lockfileVersion: '6.0'

settings:
  autoInstallPeers: true
  excludeLinksFromLockfile: false

dependencies:
  '@ncino/web-components':
    specifier: 2.0.0
    version: 2.0.0

devDependencies:
  typescript:
    specifier: latest
    version: 5.7.3
  vite:
    specifier: latest
    version: 6.1.1

packages:

  /@ckeditor/ckeditor5-adapter-ckfinder@44.2.1:
    resolution: {integrity: sha512-5scuKCJk+rFMg0gzNn1BQrEHJKDObAbbS34Yq7fs0050Cj2PIBiPV559RKqTpO4QERwyegCiO3jYfTZnN/ue+Q==}
    dependencies:
      '@ckeditor/ckeditor5-core': 44.2.1
      '@ckeditor/ckeditor5-upload': 44.2.1
      ckeditor5: 44.2.1
    dev: false

  /@ckeditor/ckeditor5-alignment@44.2.1:
    resolution: {integrity: sha512-i9YVg0Slg0Qg+2pamy+cv/As2BixTptsoJVjQdQbhCCD0CbdOWOfysKwLF76O6ni/pMkJrkK7+IoNtX2ISa/cw==}
    dependencies:
      '@ckeditor/ckeditor5-core': 44.2.1
      '@ckeditor/ckeditor5-ui': 44.2.1
      '@ckeditor/ckeditor5-utils': 44.2.1
      ckeditor5: 44.2.1
    dev: false

  /@ckeditor/ckeditor5-autoformat@44.2.1:
    resolution: {integrity: sha512-z4k9tn/vO6X9wAZQZbCFlwmLoECXROleZw2ZzF5kOIm99tTBrap8kgNoVnm7g7SOG4toAEBJhntv0GCqUWy23w==}
    dependencies:
      '@ckeditor/ckeditor5-core': 44.2.1
      '@ckeditor/ckeditor5-engine': 44.2.1
      '@ckeditor/ckeditor5-heading': 44.2.1
      '@ckeditor/ckeditor5-typing': 44.2.1
      '@ckeditor/ckeditor5-utils': 44.2.1
      ckeditor5: 44.2.1
    dev: false

  /@ckeditor/ckeditor5-autosave@44.2.1:
    resolution: {integrity: sha512-vijtwJDeLbTmNL+anfDpgLSqn50iN5iEivKftdQ/b5Z9xcI9RO/fx5OAcZbi6hJZk1ovh6vE1IaEKUFuYvPOOg==}
    dependencies:
      '@ckeditor/ckeditor5-core': 44.2.1
      '@ckeditor/ckeditor5-utils': 44.2.1
      ckeditor5: 44.2.1
      lodash-es: 4.17.21
    dev: false

  /@ckeditor/ckeditor5-basic-styles@44.2.1:
    resolution: {integrity: sha512-Y3d1lSVzY5uDUNQP9sw4As0/qU41OUQ7X2ZAVPNhtKhS8oCpTZH+GkcWOMZdhAFTkjDA/5PqtQ42z2NdEa8RQA==}
    dependencies:
      '@ckeditor/ckeditor5-core': 44.2.1
      '@ckeditor/ckeditor5-typing': 44.2.1
      '@ckeditor/ckeditor5-ui': 44.2.1
      '@ckeditor/ckeditor5-utils': 44.2.1
      ckeditor5: 44.2.1
    dev: false

  /@ckeditor/ckeditor5-block-quote@44.2.1:
    resolution: {integrity: sha512-v5jeKL7Gfwp7TJ5mp7QGunW0MwSGzfsRuNvawjXb5LLRT6aXqKBTiMxHypZAvlDTaucHiNSntYft/Bs0Tuf4zA==}
    dependencies:
      '@ckeditor/ckeditor5-core': 44.2.1
      '@ckeditor/ckeditor5-enter': 44.2.1
      '@ckeditor/ckeditor5-typing': 44.2.1
      '@ckeditor/ckeditor5-ui': 44.2.1
      '@ckeditor/ckeditor5-utils': 44.2.1
      ckeditor5: 44.2.1
    dev: false

  /@ckeditor/ckeditor5-bookmark@44.2.1:
    resolution: {integrity: sha512-pJfHIWsuTEYc8k2WvuMiBECdVlvkPHj1gqbDvdyBKjD2YeK14TR02m0s8wVeP67XGD15inPG8QJvO72N7CnMUg==}
    dependencies:
      '@ckeditor/ckeditor5-core': 44.2.1
      '@ckeditor/ckeditor5-engine': 44.2.1
      '@ckeditor/ckeditor5-ui': 44.2.1
      '@ckeditor/ckeditor5-utils': 44.2.1
      '@ckeditor/ckeditor5-widget': 44.2.1
      ckeditor5: 44.2.1
    dev: false

  /@ckeditor/ckeditor5-ckbox@44.2.1:
    resolution: {integrity: sha512-I0NPyY6JNWyKkCkCYzevgu2qL9uyRO+szewxT7ymEJzGLSKiwlL2skVp3Lhips+EOzRNDPhkkK9M1QnUUKUibA==}
    dependencies:
      '@ckeditor/ckeditor5-cloud-services': 44.2.1
      '@ckeditor/ckeditor5-core': 44.2.1
      '@ckeditor/ckeditor5-engine': 44.2.1
      '@ckeditor/ckeditor5-image': 44.2.1
      '@ckeditor/ckeditor5-ui': 44.2.1
      '@ckeditor/ckeditor5-upload': 44.2.1
      '@ckeditor/ckeditor5-utils': 44.2.1
      blurhash: 2.0.5
      ckeditor5: 44.2.1
      lodash-es: 4.17.21
    dev: false

  /@ckeditor/ckeditor5-ckfinder@44.2.1:
    resolution: {integrity: sha512-kBdtcmz8FD66Yj5jHCYlwM4yq1d/OtkKmyPVE7K3Qusvw+6OmGkyUP7z8GpKHtIlA6HmqR6+bfx/JnnhMSrG6A==}
    dependencies:
      '@ckeditor/ckeditor5-core': 44.2.1
      '@ckeditor/ckeditor5-image': 44.2.1
      '@ckeditor/ckeditor5-ui': 44.2.1
      '@ckeditor/ckeditor5-utils': 44.2.1
      ckeditor5: 44.2.1
    dev: false

  /@ckeditor/ckeditor5-clipboard@44.2.1:
    resolution: {integrity: sha512-c276UiNp9kOi4WdojI36DZ/q9LhVFnuAhE/TGzkJczyib0riJjaddd1XDXoCe0c3A11kGdbAueMeQeF+dZwKHQ==}
    dependencies:
      '@ckeditor/ckeditor5-core': 44.2.1
      '@ckeditor/ckeditor5-engine': 44.2.1
      '@ckeditor/ckeditor5-ui': 44.2.1
      '@ckeditor/ckeditor5-utils': 44.2.1
      '@ckeditor/ckeditor5-widget': 44.2.1
      lodash-es: 4.17.21
    dev: false

  /@ckeditor/ckeditor5-cloud-services@44.2.1:
    resolution: {integrity: sha512-op9ryEg4biYTrxKsp2lEy5OngXbVwZrQQx6sdJ5u0oca6FbhvzJKLZsitnp8HYisiBGts7cWmHgmOAqljt7HYA==}
    dependencies:
      '@ckeditor/ckeditor5-core': 44.2.1
      '@ckeditor/ckeditor5-utils': 44.2.1
      ckeditor5: 44.2.1
    dev: false

  /@ckeditor/ckeditor5-code-block@44.2.1:
    resolution: {integrity: sha512-2fXvieUt9jHdzz6uIE4cVy3xD1g5YV8LHlwIRFjP5TTyTrm9zQYAxTzhEpfkRCebcxlY52rW0V2U4HM2jp/6aw==}
    dependencies:
      '@ckeditor/ckeditor5-clipboard': 44.2.1
      '@ckeditor/ckeditor5-core': 44.2.1
      '@ckeditor/ckeditor5-engine': 44.2.1
      '@ckeditor/ckeditor5-enter': 44.2.1
      '@ckeditor/ckeditor5-ui': 44.2.1
      '@ckeditor/ckeditor5-utils': 44.2.1
      ckeditor5: 44.2.1
    dev: false

  /@ckeditor/ckeditor5-core@44.2.1:
    resolution: {integrity: sha512-ZZjOW1TMItsAmkZCz26NytOL13kNSTIAVOLNeHL/k8CCVprpKP54yXY18EhBcuNn8Ecugo0M5Q/XVCZSX3kSvg==}
    dependencies:
      '@ckeditor/ckeditor5-engine': 44.2.1
      '@ckeditor/ckeditor5-ui': 44.2.1
      '@ckeditor/ckeditor5-utils': 44.2.1
      '@ckeditor/ckeditor5-watchdog': 44.2.1
      lodash-es: 4.17.21
    dev: false

  /@ckeditor/ckeditor5-easy-image@44.2.1:
    resolution: {integrity: sha512-fF8kosM9DG0mIaMhZf1U7WfLr4O6w+Y9FeEyhPw2gfpMfSV96iu/nFnFTEGllciIjXoqJ+GexwAtINgHMta7lA==}
    dependencies:
      '@ckeditor/ckeditor5-cloud-services': 44.2.1
      '@ckeditor/ckeditor5-core': 44.2.1
      '@ckeditor/ckeditor5-upload': 44.2.1
      '@ckeditor/ckeditor5-utils': 44.2.1
      ckeditor5: 44.2.1
    dev: false

  /@ckeditor/ckeditor5-editor-balloon@44.2.1:
    resolution: {integrity: sha512-jzZP7OEA6xdXWX3RqY+ExZTp8wy6yar5KxEYkEl7z5PpGtAoQueh+f6leDU6MhG5vSw1oZHqBtn9FScqwUNJsA==}
    dependencies:
      '@ckeditor/ckeditor5-core': 44.2.1
      '@ckeditor/ckeditor5-engine': 44.2.1
      '@ckeditor/ckeditor5-ui': 44.2.1
      '@ckeditor/ckeditor5-utils': 44.2.1
      ckeditor5: 44.2.1
      lodash-es: 4.17.21
    dev: false

  /@ckeditor/ckeditor5-editor-classic@44.2.1:
    resolution: {integrity: sha512-EvQW24VBP17C1xbGgbDZEfZUi2rn+AmMOOooPW7v0PQKH5+DtyIluOMnGwhjPSdDSL2njLT5+r2zof3D/A3pcQ==}
    dependencies:
      '@ckeditor/ckeditor5-core': 44.2.1
      '@ckeditor/ckeditor5-engine': 44.2.1
      '@ckeditor/ckeditor5-ui': 44.2.1
      '@ckeditor/ckeditor5-utils': 44.2.1
      ckeditor5: 44.2.1
      lodash-es: 4.17.21
    dev: false

  /@ckeditor/ckeditor5-editor-decoupled@44.2.1:
    resolution: {integrity: sha512-egRx2LEQyu48kXXWwxBc7mI9GrDKABuQSrlUANEqNCgXu6ahATwW6XbLWnyLzv8mR6rNDSXWixVmnfCvN+0ogQ==}
    dependencies:
      '@ckeditor/ckeditor5-core': 44.2.1
      '@ckeditor/ckeditor5-engine': 44.2.1
      '@ckeditor/ckeditor5-ui': 44.2.1
      '@ckeditor/ckeditor5-utils': 44.2.1
      ckeditor5: 44.2.1
      lodash-es: 4.17.21
    dev: false

  /@ckeditor/ckeditor5-editor-inline@44.2.1:
    resolution: {integrity: sha512-B6egt/98ZAAUwiYp0cIJ1V3GbAkGRqzVOFvylMig/gUqdW6fqaqdkJNyvN9jyG59WkB7b/zQd7bKPjPcLPnL1g==}
    dependencies:
      '@ckeditor/ckeditor5-core': 44.2.1
      '@ckeditor/ckeditor5-engine': 44.2.1
      '@ckeditor/ckeditor5-ui': 44.2.1
      '@ckeditor/ckeditor5-utils': 44.2.1
      ckeditor5: 44.2.1
      lodash-es: 4.17.21
    dev: false

  /@ckeditor/ckeditor5-editor-multi-root@44.2.1:
    resolution: {integrity: sha512-1wb4dU1vhSK5zuxCOtqxcYPPB74I9sieHIpZQt4Zrhwk1ZxbpzaVyznIjnRQ3/6DEZccY+57stg/NmjwwiTaMw==}
    dependencies:
      '@ckeditor/ckeditor5-core': 44.2.1
      '@ckeditor/ckeditor5-engine': 44.2.1
      '@ckeditor/ckeditor5-ui': 44.2.1
      '@ckeditor/ckeditor5-utils': 44.2.1
      ckeditor5: 44.2.1
      lodash-es: 4.17.21
    dev: false

  /@ckeditor/ckeditor5-emoji@44.2.1:
    resolution: {integrity: sha512-A5nSVwuCGikEXNnTXswDwfZeLioqtoYL96IaU/tMjWWIsRXXwGpNLaXiIhehrCTpdhM2L6QlHzz5+Yb+YzphOA==}
    dependencies:
      '@ckeditor/ckeditor5-core': 44.2.1
      '@ckeditor/ckeditor5-mention': 44.2.1
      '@ckeditor/ckeditor5-typing': 44.2.1
      '@ckeditor/ckeditor5-ui': 44.2.1
      '@ckeditor/ckeditor5-utils': 44.2.1
      ckeditor5: 44.2.1
      fuzzysort: 3.1.0
      lodash-es: 4.17.21
    dev: false

  /@ckeditor/ckeditor5-engine@44.2.1:
    resolution: {integrity: sha512-zY6uDsPPxElHtwu99KpDLcVK3nCnHqX5ys461MwEl5sUuiwLmT7xlsPNANpoKb/MNX4KfPwdqiWBv1PbfQfRUg==}
    dependencies:
      '@ckeditor/ckeditor5-utils': 44.2.1
      lodash-es: 4.17.21
    dev: false

  /@ckeditor/ckeditor5-enter@44.2.1:
    resolution: {integrity: sha512-yre/+bClJiAq0ZTMxA4WT1DWqcmxVwtpIUWzrCzADa6d8rPKhk59/iypNF/IJ1WPO9FmhECxRPbOxKdHH1vJGA==}
    dependencies:
      '@ckeditor/ckeditor5-core': 44.2.1
      '@ckeditor/ckeditor5-engine': 44.2.1
      '@ckeditor/ckeditor5-utils': 44.2.1
    dev: false

  /@ckeditor/ckeditor5-essentials@44.2.1:
    resolution: {integrity: sha512-xaWCiLT5CG5l0zlWt0vbBAIGN+fFva5+9tBh0kf5NnwrU7P9e4ZMmY+S9FLTfIKMPe5wYzhWHQJO8rW98LZl2A==}
    dependencies:
      '@ckeditor/ckeditor5-clipboard': 44.2.1
      '@ckeditor/ckeditor5-core': 44.2.1
      '@ckeditor/ckeditor5-enter': 44.2.1
      '@ckeditor/ckeditor5-select-all': 44.2.1
      '@ckeditor/ckeditor5-typing': 44.2.1
      '@ckeditor/ckeditor5-ui': 44.2.1
      '@ckeditor/ckeditor5-undo': 44.2.1
      ckeditor5: 44.2.1
    dev: false

  /@ckeditor/ckeditor5-find-and-replace@44.2.1:
    resolution: {integrity: sha512-MvdyxLoGFrzbK01FIyFHv7Slcxs/BfBia7IsnJTldFFMp2DIlckhG7nROVC+6gtxVTw/4xphSWPUNxBjBBXApw==}
    dependencies:
      '@ckeditor/ckeditor5-core': 44.2.1
      '@ckeditor/ckeditor5-ui': 44.2.1
      '@ckeditor/ckeditor5-utils': 44.2.1
      ckeditor5: 44.2.1
      lodash-es: 4.17.21
    dev: false

  /@ckeditor/ckeditor5-font@44.2.1:
    resolution: {integrity: sha512-iuf2C7vh6U8Pi+qcyUUQVjF4Rws1mMCkWLDMVz8JW1cvZ+boNjMkhNAx4NK76arImY9qgsYa44MBK59An/640w==}
    dependencies:
      '@ckeditor/ckeditor5-core': 44.2.1
      '@ckeditor/ckeditor5-engine': 44.2.1
      '@ckeditor/ckeditor5-ui': 44.2.1
      '@ckeditor/ckeditor5-utils': 44.2.1
      ckeditor5: 44.2.1
    dev: false

  /@ckeditor/ckeditor5-heading@44.2.1:
    resolution: {integrity: sha512-M3i+zXIW6HOtGjJWZfGYmWkg2/U4mewMMj8XbEq/GRcaTCJxpqlw7590DdMfIhi0NqQwQ9zFpp+pXcUFPBcqWA==}
    dependencies:
      '@ckeditor/ckeditor5-core': 44.2.1
      '@ckeditor/ckeditor5-engine': 44.2.1
      '@ckeditor/ckeditor5-paragraph': 44.2.1
      '@ckeditor/ckeditor5-ui': 44.2.1
      '@ckeditor/ckeditor5-utils': 44.2.1
      ckeditor5: 44.2.1
    dev: false

  /@ckeditor/ckeditor5-highlight@44.2.1:
    resolution: {integrity: sha512-kuwk2DeAeGmeRl5ntRiLJqvvK5VIgU5MHVbpDVSMvalBMFFBlSwJN6xaxygCuu/rHIUaE4rFKVDJZS8o/3hToQ==}
    dependencies:
      '@ckeditor/ckeditor5-core': 44.2.1
      '@ckeditor/ckeditor5-ui': 44.2.1
      '@ckeditor/ckeditor5-utils': 44.2.1
      ckeditor5: 44.2.1
    dev: false

  /@ckeditor/ckeditor5-horizontal-line@44.2.1:
    resolution: {integrity: sha512-lrtMHa5cu93MNJqiGvrE8kLCtpI6jqElIMr3ddbfGwwpwhkNrdaV6ThWyEp4LOHACYuwpw0QVN6Xj0VcohYygQ==}
    dependencies:
      '@ckeditor/ckeditor5-core': 44.2.1
      '@ckeditor/ckeditor5-ui': 44.2.1
      '@ckeditor/ckeditor5-utils': 44.2.1
      '@ckeditor/ckeditor5-widget': 44.2.1
      ckeditor5: 44.2.1
    dev: false

  /@ckeditor/ckeditor5-html-embed@44.2.1:
    resolution: {integrity: sha512-JnpQYc+aVPqpdu4L/FqxRpfOeOPv5OjH/jfqRbCpFsVk+MlXGjb34hwS8emnk0oRsXkzMjd8pNNn2GWrBEN8Ig==}
    dependencies:
      '@ckeditor/ckeditor5-core': 44.2.1
      '@ckeditor/ckeditor5-ui': 44.2.1
      '@ckeditor/ckeditor5-utils': 44.2.1
      '@ckeditor/ckeditor5-widget': 44.2.1
      ckeditor5: 44.2.1
    dev: false

  /@ckeditor/ckeditor5-html-support@44.2.1:
    resolution: {integrity: sha512-DldRFGKtAHmiB+kcBw4wfu5AaxfGg2GyK4XCAiebIirNBkkbcuep/zmcSBRyG0s99cW90PAA5+WtJEPNzoIEEA==}
    dependencies:
      '@ckeditor/ckeditor5-core': 44.2.1
      '@ckeditor/ckeditor5-engine': 44.2.1
      '@ckeditor/ckeditor5-enter': 44.2.1
      '@ckeditor/ckeditor5-heading': 44.2.1
      '@ckeditor/ckeditor5-image': 44.2.1
      '@ckeditor/ckeditor5-list': 44.2.1
      '@ckeditor/ckeditor5-table': 44.2.1
      '@ckeditor/ckeditor5-utils': 44.2.1
      '@ckeditor/ckeditor5-widget': 44.2.1
      ckeditor5: 44.2.1
      lodash-es: 4.17.21
    dev: false

  /@ckeditor/ckeditor5-image@44.2.1:
    resolution: {integrity: sha512-uh2LJPUDEbkOI2wb4aUJQFXF3eSrv16rZLMdTQStL022xkkbn7bAgkGHQ6hUNpUmJdT25KP5z4cNq8HEITbWSA==}
    dependencies:
      '@ckeditor/ckeditor5-clipboard': 44.2.1
      '@ckeditor/ckeditor5-core': 44.2.1
      '@ckeditor/ckeditor5-engine': 44.2.1
      '@ckeditor/ckeditor5-typing': 44.2.1
      '@ckeditor/ckeditor5-ui': 44.2.1
      '@ckeditor/ckeditor5-undo': 44.2.1
      '@ckeditor/ckeditor5-upload': 44.2.1
      '@ckeditor/ckeditor5-utils': 44.2.1
      '@ckeditor/ckeditor5-widget': 44.2.1
      ckeditor5: 44.2.1
      lodash-es: 4.17.21
    dev: false

  /@ckeditor/ckeditor5-indent@44.2.1:
    resolution: {integrity: sha512-ZApH7zXQzJzAYe3kHKGmrtwEVui5FfHEW5kOCiVSc/nIYuKZknGRsBBYnh9RjINbOBvdqKlGY7TJjilZDAJXkg==}
    dependencies:
      '@ckeditor/ckeditor5-core': 44.2.1
      '@ckeditor/ckeditor5-engine': 44.2.1
      '@ckeditor/ckeditor5-heading': 44.2.1
      '@ckeditor/ckeditor5-list': 44.2.1
      '@ckeditor/ckeditor5-ui': 44.2.1
      '@ckeditor/ckeditor5-utils': 44.2.1
      ckeditor5: 44.2.1
    dev: false

  /@ckeditor/ckeditor5-language@44.2.1:
    resolution: {integrity: sha512-vSoGRqwOzvpuJ0nXn4P1gsO3R01uQWdkCdZCq/Xor6zOVfXALx4Jq6GzOxqtf23I7dvZk0qEDSM0eZTwRGtPmw==}
    dependencies:
      '@ckeditor/ckeditor5-core': 44.2.1
      '@ckeditor/ckeditor5-ui': 44.2.1
      '@ckeditor/ckeditor5-utils': 44.2.1
      ckeditor5: 44.2.1
    dev: false

  /@ckeditor/ckeditor5-link@44.2.1:
    resolution: {integrity: sha512-DKkv/5oihag23CsRRxRr9hVQiIND9RFRCTXZ/gw5sMpBcTZ34IfzVqHAxJXoCmR6VKLSI14kjbNPtyOx/u5Sjw==}
    dependencies:
      '@ckeditor/ckeditor5-bookmark': 44.2.1
      '@ckeditor/ckeditor5-clipboard': 44.2.1
      '@ckeditor/ckeditor5-core': 44.2.1
      '@ckeditor/ckeditor5-engine': 44.2.1
      '@ckeditor/ckeditor5-image': 44.2.1
      '@ckeditor/ckeditor5-typing': 44.2.1
      '@ckeditor/ckeditor5-ui': 44.2.1
      '@ckeditor/ckeditor5-utils': 44.2.1
      '@ckeditor/ckeditor5-widget': 44.2.1
      ckeditor5: 44.2.1
      lodash-es: 4.17.21
    dev: false

  /@ckeditor/ckeditor5-list@44.2.1:
    resolution: {integrity: sha512-YlgdunxlRd7WZn4haGodPzkJGlBCDn4vCD5matZVoLmUbcCq0fYXwgDlcY/dAWoSGtEtNV0JGMhaHljQ+3EAzw==}
    dependencies:
      '@ckeditor/ckeditor5-clipboard': 44.2.1
      '@ckeditor/ckeditor5-core': 44.2.1
      '@ckeditor/ckeditor5-engine': 44.2.1
      '@ckeditor/ckeditor5-enter': 44.2.1
      '@ckeditor/ckeditor5-typing': 44.2.1
      '@ckeditor/ckeditor5-ui': 44.2.1
      '@ckeditor/ckeditor5-utils': 44.2.1
      ckeditor5: 44.2.1
    dev: false

  /@ckeditor/ckeditor5-markdown-gfm@44.2.1:
    resolution: {integrity: sha512-SEW4jKRhuryao5z7mFoctRnovHdHv5Ud1vq+HXQ/pypxHElv+WKxw3yeU7Y2EGIBhReiLrdkE/alLZ8RxFNFiQ==}
    dependencies:
      '@ckeditor/ckeditor5-clipboard': 44.2.1
      '@ckeditor/ckeditor5-core': 44.2.1
      '@ckeditor/ckeditor5-engine': 44.2.1
      '@types/marked': 4.3.2
      '@types/turndown': 5.0.5
      ckeditor5: 44.2.1
      marked: 4.0.12
      turndown: 7.2.0
      turndown-plugin-gfm: 1.0.2
    dev: false

  /@ckeditor/ckeditor5-media-embed@44.2.1:
    resolution: {integrity: sha512-V7U02KkdEAV9uLirIRI68Ec54aARrOEqsGvnu0Y6J2fFvqPYwdOTINwyytrykMW+o4vJ0ZKwVTE16N0O3ugnmA==}
    dependencies:
      '@ckeditor/ckeditor5-clipboard': 44.2.1
      '@ckeditor/ckeditor5-core': 44.2.1
      '@ckeditor/ckeditor5-engine': 44.2.1
      '@ckeditor/ckeditor5-typing': 44.2.1
      '@ckeditor/ckeditor5-ui': 44.2.1
      '@ckeditor/ckeditor5-undo': 44.2.1
      '@ckeditor/ckeditor5-utils': 44.2.1
      '@ckeditor/ckeditor5-widget': 44.2.1
      ckeditor5: 44.2.1
    dev: false

  /@ckeditor/ckeditor5-mention@44.2.1:
    resolution: {integrity: sha512-qRffnNV2EEbBvRC5OsrhI3i1quWVWi0WX6+zf9YoQCNeABg3aX4va+seK41Z5cjOKIYy+6smXcMGcWOTU3Y44w==}
    dependencies:
      '@ckeditor/ckeditor5-core': 44.2.1
      '@ckeditor/ckeditor5-typing': 44.2.1
      '@ckeditor/ckeditor5-ui': 44.2.1
      '@ckeditor/ckeditor5-utils': 44.2.1
      ckeditor5: 44.2.1
      lodash-es: 4.17.21
    dev: false

  /@ckeditor/ckeditor5-minimap@44.2.1:
    resolution: {integrity: sha512-texkHgknOK8S7zWChdwZJyR1eOPrjYJZ8NC4KpE55eQK7fJ+iRu8PZbhM02T1EwepS1KTjp45ELQ062gZkL5Ug==}
    dependencies:
      '@ckeditor/ckeditor5-core': 44.2.1
      '@ckeditor/ckeditor5-engine': 44.2.1
      '@ckeditor/ckeditor5-ui': 44.2.1
      '@ckeditor/ckeditor5-utils': 44.2.1
      ckeditor5: 44.2.1
    dev: false

  /@ckeditor/ckeditor5-page-break@44.2.1:
    resolution: {integrity: sha512-D+6RUEQ6KIviPFysF5O+bxOyWfTADuSqFvVMvnh/oiz4lq9fIeTWEaVXCh7rv8oQssP5shjSCVhGxUfL/7hfdw==}
    dependencies:
      '@ckeditor/ckeditor5-core': 44.2.1
      '@ckeditor/ckeditor5-ui': 44.2.1
      '@ckeditor/ckeditor5-utils': 44.2.1
      '@ckeditor/ckeditor5-widget': 44.2.1
      ckeditor5: 44.2.1
    dev: false

  /@ckeditor/ckeditor5-paragraph@44.2.1:
    resolution: {integrity: sha512-Hw3ROJBJi7JJmCXNFLVW6sIQCV3o7sdC6MxyZkn+YEGL5B0wEb5xXx2wtChwJabKswXkmaAv2nQj5YXuxLruRQ==}
    dependencies:
      '@ckeditor/ckeditor5-core': 44.2.1
      '@ckeditor/ckeditor5-engine': 44.2.1
      '@ckeditor/ckeditor5-ui': 44.2.1
      '@ckeditor/ckeditor5-utils': 44.2.1
    dev: false

  /@ckeditor/ckeditor5-paste-from-office@44.2.1:
    resolution: {integrity: sha512-UxESX3z++Z8umlQy6HU+VOhqApx+0DvmKhApLX8COSOdB4eoUYTBaUCSakXiOqXSAgISMXL93xy8Tr03mvhdxg==}
    dependencies:
      '@ckeditor/ckeditor5-clipboard': 44.2.1
      '@ckeditor/ckeditor5-core': 44.2.1
      '@ckeditor/ckeditor5-engine': 44.2.1
      ckeditor5: 44.2.1
    dev: false

  /@ckeditor/ckeditor5-remove-format@44.2.1:
    resolution: {integrity: sha512-8KkAg4FDAK40thtd+3SxGvz4BqvQYD5Kq2YWNhR8P2jeXAXmVvcQTK0Nulm0bGceKLiCmrd8VTu2hWHkvC0oiA==}
    dependencies:
      '@ckeditor/ckeditor5-core': 44.2.1
      '@ckeditor/ckeditor5-ui': 44.2.1
      '@ckeditor/ckeditor5-utils': 44.2.1
      ckeditor5: 44.2.1
    dev: false

  /@ckeditor/ckeditor5-restricted-editing@44.2.1:
    resolution: {integrity: sha512-4jWutnvhyGUr/DdwF3SvKJXVI/CVor5rw0psm/e4EXUTIzprBjYGHSzg0SZnjDQbg6cfWs2iEPEMb+HHSGkf+w==}
    dependencies:
      '@ckeditor/ckeditor5-core': 44.2.1
      '@ckeditor/ckeditor5-engine': 44.2.1
      '@ckeditor/ckeditor5-ui': 44.2.1
      '@ckeditor/ckeditor5-utils': 44.2.1
      ckeditor5: 44.2.1
    dev: false

  /@ckeditor/ckeditor5-select-all@44.2.1:
    resolution: {integrity: sha512-gBhFSNqhnjReR2vCafJfCtagA7uyQsqXswzp1ejPkoLf0lhn8unyxm0vMjUWDqxsL19HlRJXib4W8nN8gs/mlA==}
    dependencies:
      '@ckeditor/ckeditor5-core': 44.2.1
      '@ckeditor/ckeditor5-engine': 44.2.1
      '@ckeditor/ckeditor5-ui': 44.2.1
      '@ckeditor/ckeditor5-utils': 44.2.1
    dev: false

  /@ckeditor/ckeditor5-show-blocks@44.2.1:
    resolution: {integrity: sha512-QxNYbNLCXB/JeqLv9H/sLXrXzrbxHIzgPKzBqNL2kzJldTsB48chy+UFsrGSAigjc0Bce31hSLoPlkI1iNw+SQ==}
    dependencies:
      '@ckeditor/ckeditor5-core': 44.2.1
      '@ckeditor/ckeditor5-ui': 44.2.1
      '@ckeditor/ckeditor5-utils': 44.2.1
      ckeditor5: 44.2.1
    dev: false

  /@ckeditor/ckeditor5-source-editing@44.2.1:
    resolution: {integrity: sha512-bFzQJmpiF+qgauMuFd2q0YTg3yHtRkcU9/lF1vvIlQJ2P9mSoxhClah8tCL3mTVaL1uOeWwXhkKipuaDKJLKMg==}
    dependencies:
      '@ckeditor/ckeditor5-core': 44.2.1
      '@ckeditor/ckeditor5-theme-lark': 44.2.1
      '@ckeditor/ckeditor5-ui': 44.2.1
      '@ckeditor/ckeditor5-utils': 44.2.1
      ckeditor5: 44.2.1
    dev: false

  /@ckeditor/ckeditor5-special-characters@44.2.1:
    resolution: {integrity: sha512-vPrZXeJqZGSykgJPKUYK8KE5oYuglAdEROFEYhyqAbwKwgAPvQjKgUd6b2Cv9Ufdq0pp2l1VDJcDA6nvaqiA9Q==}
    dependencies:
      '@ckeditor/ckeditor5-core': 44.2.1
      '@ckeditor/ckeditor5-typing': 44.2.1
      '@ckeditor/ckeditor5-ui': 44.2.1
      '@ckeditor/ckeditor5-utils': 44.2.1
      ckeditor5: 44.2.1
    dev: false

  /@ckeditor/ckeditor5-style@44.2.1:
    resolution: {integrity: sha512-EEBgqYpXnMXK533ZFF9SgADZlN08MJvtkKB5Ac3A6Ba6dNlD31/wydnYB4iTosRwsKHwrv+0jn6GFmFQxe3HCA==}
    dependencies:
      '@ckeditor/ckeditor5-core': 44.2.1
      '@ckeditor/ckeditor5-html-support': 44.2.1
      '@ckeditor/ckeditor5-list': 44.2.1
      '@ckeditor/ckeditor5-table': 44.2.1
      '@ckeditor/ckeditor5-typing': 44.2.1
      '@ckeditor/ckeditor5-ui': 44.2.1
      '@ckeditor/ckeditor5-utils': 44.2.1
      ckeditor5: 44.2.1
      lodash-es: 4.17.21
    dev: false

  /@ckeditor/ckeditor5-table@44.2.1:
    resolution: {integrity: sha512-dR+GD7wQlM9PxP42VYlz4cDf8J7zP8y6sP1Wegu9QCShw8ZoxKNk59y3ofZObNCfwZZ6BW9Su8reMXXcP5iufA==}
    dependencies:
      '@ckeditor/ckeditor5-clipboard': 44.2.1
      '@ckeditor/ckeditor5-core': 44.2.1
      '@ckeditor/ckeditor5-engine': 44.2.1
      '@ckeditor/ckeditor5-ui': 44.2.1
      '@ckeditor/ckeditor5-utils': 44.2.1
      '@ckeditor/ckeditor5-widget': 44.2.1
      ckeditor5: 44.2.1
      lodash-es: 4.17.21
    dev: false

  /@ckeditor/ckeditor5-theme-lark@44.2.1:
    resolution: {integrity: sha512-ajaBlmEbJi3CVhTE/OfM0ZgWLv8OwaigEpQz9faZpYHs8xXZLd4bFwsWQMrDo46Y1mbkP6w1JswnCLMYUPofJA==}
    dependencies:
      '@ckeditor/ckeditor5-ui': 44.2.1
    dev: false

  /@ckeditor/ckeditor5-typing@44.2.1:
    resolution: {integrity: sha512-xSk8Ti3NWC4SwzI9SiGgNB8qTlAYemjqNOsedCqkSnIApVn7Mp4RRCxy6HskTZg9zUTL3wUwN7znkWANulwHNQ==}
    dependencies:
      '@ckeditor/ckeditor5-core': 44.2.1
      '@ckeditor/ckeditor5-engine': 44.2.1
      '@ckeditor/ckeditor5-utils': 44.2.1
      lodash-es: 4.17.21
    dev: false

  /@ckeditor/ckeditor5-ui@44.2.1:
    resolution: {integrity: sha512-BKId+O2kXhFZ07tLX7Mdc9udwMDjEmpsE8mDTnbLaZO2Brj+qV9bNrq4LfV46iXGpO6xGeEaf0fBahwgE8xW6Q==}
    dependencies:
      '@ckeditor/ckeditor5-core': 44.2.1
      '@ckeditor/ckeditor5-editor-multi-root': 44.2.1
      '@ckeditor/ckeditor5-engine': 44.2.1
      '@ckeditor/ckeditor5-utils': 44.2.1
      '@types/color-convert': 2.0.4
      color-convert: 2.0.1
      color-parse: 1.4.2
      lodash-es: 4.17.21
      vanilla-colorful: 0.7.2
    dev: false

  /@ckeditor/ckeditor5-undo@44.2.1:
    resolution: {integrity: sha512-D4iWZAwF1TD3i+E/1X+tRRv+xDXd/NQyBpu7BDP5363Kk9ieD7EXU6uXx0E/ZFd5r8It2dsR0wI56t0HytXxtA==}
    dependencies:
      '@ckeditor/ckeditor5-core': 44.2.1
      '@ckeditor/ckeditor5-engine': 44.2.1
      '@ckeditor/ckeditor5-ui': 44.2.1
      '@ckeditor/ckeditor5-utils': 44.2.1
    dev: false

  /@ckeditor/ckeditor5-upload@44.2.1:
    resolution: {integrity: sha512-38E3eWNM84xsChaeNJZO+CR2DY3+eCFLjX4Dl3oX4f8ZZVGMUC4EP5VbKKw/YDUN6NCfIRdIMWUR3LWd+f6pWw==}
    dependencies:
      '@ckeditor/ckeditor5-core': 44.2.1
      '@ckeditor/ckeditor5-utils': 44.2.1
    dev: false

  /@ckeditor/ckeditor5-utils@44.2.1:
    resolution: {integrity: sha512-e15n83g7IFUrfANHqcsW/hfiNhuOl18jzJ/BHsAdSH2vGNel2RTsvfkDR7Nj/X1DZk3L2y8sNVUcAiYBD6tdhg==}
    dependencies:
      '@ckeditor/ckeditor5-ui': 44.2.1
      '@types/lodash-es': 4.17.12
      lodash-es: 4.17.21
    dev: false

  /@ckeditor/ckeditor5-watchdog@44.2.1:
    resolution: {integrity: sha512-qN0Lj67JvI/vcDkEKq4QIo/if5Tq+e3nXTnUPxMa/HScAv6AIeAACrJqNgaYO44Zza/mAnm/9OomKk2zy8YRAw==}
    dependencies:
      '@ckeditor/ckeditor5-core': 44.2.1
      '@ckeditor/ckeditor5-editor-multi-root': 44.2.1
      '@ckeditor/ckeditor5-engine': 44.2.1
      '@ckeditor/ckeditor5-utils': 44.2.1
      lodash-es: 4.17.21
    dev: false

  /@ckeditor/ckeditor5-widget@44.2.1:
    resolution: {integrity: sha512-GKG35h13EeZQ69py/lTXg3/uzTpe2Bk6uollcYGEGhbBILLPievWkuvI+7y0Ib+x7gm8gaWcuzVWjte+OOHLCg==}
    dependencies:
      '@ckeditor/ckeditor5-core': 44.2.1
      '@ckeditor/ckeditor5-engine': 44.2.1
      '@ckeditor/ckeditor5-enter': 44.2.1
      '@ckeditor/ckeditor5-typing': 44.2.1
      '@ckeditor/ckeditor5-ui': 44.2.1
      '@ckeditor/ckeditor5-utils': 44.2.1
      lodash-es: 4.17.21
    dev: false

  /@ckeditor/ckeditor5-word-count@44.2.1:
    resolution: {integrity: sha512-zntBOyZrV3zATHI1hpBN1QJ7uPELDa8vUd45Giyt8g6aZDyltdH2eEET5ftfRwACr3EZeuuTeuUNM5nDzmILgA==}
    dependencies:
      '@ckeditor/ckeditor5-core': 44.2.1
      '@ckeditor/ckeditor5-ui': 44.2.1
      '@ckeditor/ckeditor5-utils': 44.2.1
      ckeditor5: 44.2.1
      lodash-es: 4.17.21
    dev: false

  /@esbuild/aix-ppc64@0.24.2:
    resolution: {integrity: sha512-thpVCb/rhxE/BnMLQ7GReQLLN8q9qbHmI55F4489/ByVg2aQaQ6kbcLb6FHkocZzQhxc4gx0sCk0tJkKBFzDhA==}
    engines: {node: '>=18'}
    cpu: [ppc64]
    os: [aix]
    requiresBuild: true
    dev: true
    optional: true

  /@esbuild/android-arm64@0.24.2:
    resolution: {integrity: sha512-cNLgeqCqV8WxfcTIOeL4OAtSmL8JjcN6m09XIgro1Wi7cF4t/THaWEa7eL5CMoMBdjoHOTh/vwTO/o2TRXIyzg==}
    engines: {node: '>=18'}
    cpu: [arm64]
    os: [android]
    requiresBuild: true
    dev: true
    optional: true

  /@esbuild/android-arm@0.24.2:
    resolution: {integrity: sha512-tmwl4hJkCfNHwFB3nBa8z1Uy3ypZpxqxfTQOcHX+xRByyYgunVbZ9MzUUfb0RxaHIMnbHagwAxuTL+tnNM+1/Q==}
    engines: {node: '>=18'}
    cpu: [arm]
    os: [android]
    requiresBuild: true
    dev: true
    optional: true

  /@esbuild/android-x64@0.24.2:
    resolution: {integrity: sha512-B6Q0YQDqMx9D7rvIcsXfmJfvUYLoP722bgfBlO5cGvNVb5V/+Y7nhBE3mHV9OpxBf4eAS2S68KZztiPaWq4XYw==}
    engines: {node: '>=18'}
    cpu: [x64]
    os: [android]
    requiresBuild: true
    dev: true
    optional: true

  /@esbuild/darwin-arm64@0.24.2:
    resolution: {integrity: sha512-kj3AnYWc+CekmZnS5IPu9D+HWtUI49hbnyqk0FLEJDbzCIQt7hg7ucF1SQAilhtYpIujfaHr6O0UHlzzSPdOeA==}
    engines: {node: '>=18'}
    cpu: [arm64]
    os: [darwin]
    requiresBuild: true
    dev: true
    optional: true

  /@esbuild/darwin-x64@0.24.2:
    resolution: {integrity: sha512-WeSrmwwHaPkNR5H3yYfowhZcbriGqooyu3zI/3GGpF8AyUdsrrP0X6KumITGA9WOyiJavnGZUwPGvxvwfWPHIA==}
    engines: {node: '>=18'}
    cpu: [x64]
    os: [darwin]
    requiresBuild: true
    dev: true
    optional: true

  /@esbuild/freebsd-arm64@0.24.2:
    resolution: {integrity: sha512-UN8HXjtJ0k/Mj6a9+5u6+2eZ2ERD7Edt1Q9IZiB5UZAIdPnVKDoG7mdTVGhHJIeEml60JteamR3qhsr1r8gXvg==}
    engines: {node: '>=18'}
    cpu: [arm64]
    os: [freebsd]
    requiresBuild: true
    dev: true
    optional: true

  /@esbuild/freebsd-x64@0.24.2:
    resolution: {integrity: sha512-TvW7wE/89PYW+IevEJXZ5sF6gJRDY/14hyIGFXdIucxCsbRmLUcjseQu1SyTko+2idmCw94TgyaEZi9HUSOe3Q==}
    engines: {node: '>=18'}
    cpu: [x64]
    os: [freebsd]
    requiresBuild: true
    dev: true
    optional: true

  /@esbuild/linux-arm64@0.24.2:
    resolution: {integrity: sha512-7HnAD6074BW43YvvUmE/35Id9/NB7BeX5EoNkK9obndmZBUk8xmJJeU7DwmUeN7tkysslb2eSl6CTrYz6oEMQg==}
    engines: {node: '>=18'}
    cpu: [arm64]
    os: [linux]
    requiresBuild: true
    dev: true
    optional: true

  /@esbuild/linux-arm@0.24.2:
    resolution: {integrity: sha512-n0WRM/gWIdU29J57hJyUdIsk0WarGd6To0s+Y+LwvlC55wt+GT/OgkwoXCXvIue1i1sSNWblHEig00GBWiJgfA==}
    engines: {node: '>=18'}
    cpu: [arm]
    os: [linux]
    requiresBuild: true
    dev: true
    optional: true

  /@esbuild/linux-ia32@0.24.2:
    resolution: {integrity: sha512-sfv0tGPQhcZOgTKO3oBE9xpHuUqguHvSo4jl+wjnKwFpapx+vUDcawbwPNuBIAYdRAvIDBfZVvXprIj3HA+Ugw==}
    engines: {node: '>=18'}
    cpu: [ia32]
    os: [linux]
    requiresBuild: true
    dev: true
    optional: true

  /@esbuild/linux-loong64@0.24.2:
    resolution: {integrity: sha512-CN9AZr8kEndGooS35ntToZLTQLHEjtVB5n7dl8ZcTZMonJ7CCfStrYhrzF97eAecqVbVJ7APOEe18RPI4KLhwQ==}
    engines: {node: '>=18'}
    cpu: [loong64]
    os: [linux]
    requiresBuild: true
    dev: true
    optional: true

  /@esbuild/linux-mips64el@0.24.2:
    resolution: {integrity: sha512-iMkk7qr/wl3exJATwkISxI7kTcmHKE+BlymIAbHO8xanq/TjHaaVThFF6ipWzPHryoFsesNQJPE/3wFJw4+huw==}
    engines: {node: '>=18'}
    cpu: [mips64el]
    os: [linux]
    requiresBuild: true
    dev: true
    optional: true

  /@esbuild/linux-ppc64@0.24.2:
    resolution: {integrity: sha512-shsVrgCZ57Vr2L8mm39kO5PPIb+843FStGt7sGGoqiiWYconSxwTiuswC1VJZLCjNiMLAMh34jg4VSEQb+iEbw==}
    engines: {node: '>=18'}
    cpu: [ppc64]
    os: [linux]
    requiresBuild: true
    dev: true
    optional: true

  /@esbuild/linux-riscv64@0.24.2:
    resolution: {integrity: sha512-4eSFWnU9Hhd68fW16GD0TINewo1L6dRrB+oLNNbYyMUAeOD2yCK5KXGK1GH4qD/kT+bTEXjsyTCiJGHPZ3eM9Q==}
    engines: {node: '>=18'}
    cpu: [riscv64]
    os: [linux]
    requiresBuild: true
    dev: true
    optional: true

  /@esbuild/linux-s390x@0.24.2:
    resolution: {integrity: sha512-S0Bh0A53b0YHL2XEXC20bHLuGMOhFDO6GN4b3YjRLK//Ep3ql3erpNcPlEFed93hsQAjAQDNsvcK+hV90FubSw==}
    engines: {node: '>=18'}
    cpu: [s390x]
    os: [linux]
    requiresBuild: true
    dev: true
    optional: true

  /@esbuild/linux-x64@0.24.2:
    resolution: {integrity: sha512-8Qi4nQcCTbLnK9WoMjdC9NiTG6/E38RNICU6sUNqK0QFxCYgoARqVqxdFmWkdonVsvGqWhmm7MO0jyTqLqwj0Q==}
    engines: {node: '>=18'}
    cpu: [x64]
    os: [linux]
    requiresBuild: true
    dev: true
    optional: true

  /@esbuild/netbsd-arm64@0.24.2:
    resolution: {integrity: sha512-wuLK/VztRRpMt9zyHSazyCVdCXlpHkKm34WUyinD2lzK07FAHTq0KQvZZlXikNWkDGoT6x3TD51jKQ7gMVpopw==}
    engines: {node: '>=18'}
    cpu: [arm64]
    os: [netbsd]
    requiresBuild: true
    dev: true
    optional: true

  /@esbuild/netbsd-x64@0.24.2:
    resolution: {integrity: sha512-VefFaQUc4FMmJuAxmIHgUmfNiLXY438XrL4GDNV1Y1H/RW3qow68xTwjZKfj/+Plp9NANmzbH5R40Meudu8mmw==}
    engines: {node: '>=18'}
    cpu: [x64]
    os: [netbsd]
    requiresBuild: true
    dev: true
    optional: true

  /@esbuild/openbsd-arm64@0.24.2:
    resolution: {integrity: sha512-YQbi46SBct6iKnszhSvdluqDmxCJA+Pu280Av9WICNwQmMxV7nLRHZfjQzwbPs3jeWnuAhE9Jy0NrnJ12Oz+0A==}
    engines: {node: '>=18'}
    cpu: [arm64]
    os: [openbsd]
    requiresBuild: true
    dev: true
    optional: true

  /@esbuild/openbsd-x64@0.24.2:
    resolution: {integrity: sha512-+iDS6zpNM6EnJyWv0bMGLWSWeXGN/HTaF/LXHXHwejGsVi+ooqDfMCCTerNFxEkM3wYVcExkeGXNqshc9iMaOA==}
    engines: {node: '>=18'}
    cpu: [x64]
    os: [openbsd]
    requiresBuild: true
    dev: true
    optional: true

  /@esbuild/sunos-x64@0.24.2:
    resolution: {integrity: sha512-hTdsW27jcktEvpwNHJU4ZwWFGkz2zRJUz8pvddmXPtXDzVKTTINmlmga3ZzwcuMpUvLw7JkLy9QLKyGpD2Yxig==}
    engines: {node: '>=18'}
    cpu: [x64]
    os: [sunos]
    requiresBuild: true
    dev: true
    optional: true

  /@esbuild/win32-arm64@0.24.2:
    resolution: {integrity: sha512-LihEQ2BBKVFLOC9ZItT9iFprsE9tqjDjnbulhHoFxYQtQfai7qfluVODIYxt1PgdoyQkz23+01rzwNwYfutxUQ==}
    engines: {node: '>=18'}
    cpu: [arm64]
    os: [win32]
    requiresBuild: true
    dev: true
    optional: true

  /@esbuild/win32-ia32@0.24.2:
    resolution: {integrity: sha512-q+iGUwfs8tncmFC9pcnD5IvRHAzmbwQ3GPS5/ceCyHdjXubwQWI12MKWSNSMYLJMq23/IUCvJMS76PDqXe1fxA==}
    engines: {node: '>=18'}
    cpu: [ia32]
    os: [win32]
    requiresBuild: true
    dev: true
    optional: true

  /@esbuild/win32-x64@0.24.2:
    resolution: {integrity: sha512-7VTgWzgMGvup6aSqDPLiW5zHaxYJGTO4OokMjIlrCtf+VpEL+cXKtCvg723iguPYI5oaUNdS+/V7OU2gvXVWEg==}
    engines: {node: '>=18'}
    cpu: [x64]
    os: [win32]
    requiresBuild: true
    dev: true
    optional: true

  /@floating-ui/core@1.6.9:
    resolution: {integrity: sha512-uMXCuQ3BItDUbAMhIXw7UPXRfAlOAvZzdK9BWpE60MCn+Svt3aLn9jsPTi/WNGlRUu2uI0v5S7JiIUsbsvh3fw==}
    dependencies:
      '@floating-ui/utils': 0.2.9
    dev: false

  /@floating-ui/dom@1.6.13:
    resolution: {integrity: sha512-umqzocjDgNRGTuO7Q8CU32dkHkECqI8ZdMZ5Swb6QAM0t5rnlrN3lGo1hdpscRd3WS8T6DKYK4ephgIH9iRh3w==}
    dependencies:
      '@floating-ui/core': 1.6.9
      '@floating-ui/utils': 0.2.9
    dev: false

  /@floating-ui/utils@0.2.9:
    resolution: {integrity: sha512-MDWhGtE+eHw5JW7lq4qhc5yRLS11ERl1c7Z6Xd0a58DozHES6EnNNwUWbMiG4J9Cgj053Bhk8zvlhFYKVhULwg==}
    dev: false

  /@lit-labs/ssr-dom-shim@1.3.0:
    resolution: {integrity: sha512-nQIWonJ6eFAvUUrSlwyHDm/aE8PBDu5kRpL0vHMg6K8fK3Diq1xdPjTnsJSwxABhaZ+5eBi1btQB5ShUTKo4nQ==}
    dev: false

  /@lit/reactive-element@2.0.4:
    resolution: {integrity: sha512-GFn91inaUa2oHLak8awSIigYz0cU0Payr1rcFsrkf5OJ5eSPxElyZfKh0f2p9FsTiZWXQdWGJeXZICEfXXYSXQ==}
    dependencies:
      '@lit-labs/ssr-dom-shim': 1.3.0
    dev: false

  /@mixmark-io/domino@2.2.0:
    resolution: {integrity: sha512-Y28PR25bHXUg88kCV7nivXrP2Nj2RueZ3/l/jdx6J9f8J4nsEGcgX0Qe6lt7Pa+J79+kPiJU3LguR6O/6zrLOw==}
    dev: false

  /@ncino/web-components@2.0.0:
    resolution: {integrity: sha512-pKv8m1Mz30tS82i/fGVuEbkrH/3O0s2H37GNDd0JOI1hXw9X66lHDq5G3CEB4GiB5kDRLDg2R9an5seYsFEqSQ==}
    dependencies:
      '@floating-ui/dom': 1.6.13
      ckeditor5: 44.2.1
      lit: 3.2.1
    dev: false

  /@rollup/rollup-android-arm-eabi@4.34.8:
    resolution: {integrity: sha512-q217OSE8DTp8AFHuNHXo0Y86e1wtlfVrXiAlwkIvGRQv9zbc6mE3sjIVfwI8sYUyNxwOg0j/Vm1RKM04JcWLJw==}
    cpu: [arm]
    os: [android]
    requiresBuild: true
    dev: true
    optional: true

  /@rollup/rollup-android-arm64@4.34.8:
    resolution: {integrity: sha512-Gigjz7mNWaOL9wCggvoK3jEIUUbGul656opstjaUSGC3eT0BM7PofdAJaBfPFWWkXNVAXbaQtC99OCg4sJv70Q==}
    cpu: [arm64]
    os: [android]
    requiresBuild: true
    dev: true
    optional: true

  /@rollup/rollup-darwin-arm64@4.34.8:
    resolution: {integrity: sha512-02rVdZ5tgdUNRxIUrFdcMBZQoaPMrxtwSb+/hOfBdqkatYHR3lZ2A2EGyHq2sGOd0Owk80oV3snlDASC24He3Q==}
    cpu: [arm64]
    os: [darwin]
    requiresBuild: true
    dev: true
    optional: true

  /@rollup/rollup-darwin-x64@4.34.8:
    resolution: {integrity: sha512-qIP/elwR/tq/dYRx3lgwK31jkZvMiD6qUtOycLhTzCvrjbZ3LjQnEM9rNhSGpbLXVJYQ3rq39A6Re0h9tU2ynw==}
    cpu: [x64]
    os: [darwin]
    requiresBuild: true
    dev: true
    optional: true

  /@rollup/rollup-freebsd-arm64@4.34.8:
    resolution: {integrity: sha512-IQNVXL9iY6NniYbTaOKdrlVP3XIqazBgJOVkddzJlqnCpRi/yAeSOa8PLcECFSQochzqApIOE1GHNu3pCz+BDA==}
    cpu: [arm64]
    os: [freebsd]
    requiresBuild: true
    dev: true
    optional: true

  /@rollup/rollup-freebsd-x64@4.34.8:
    resolution: {integrity: sha512-TYXcHghgnCqYFiE3FT5QwXtOZqDj5GmaFNTNt3jNC+vh22dc/ukG2cG+pi75QO4kACohZzidsq7yKTKwq/Jq7Q==}
    cpu: [x64]
    os: [freebsd]
    requiresBuild: true
    dev: true
    optional: true

  /@rollup/rollup-linux-arm-gnueabihf@4.34.8:
    resolution: {integrity: sha512-A4iphFGNkWRd+5m3VIGuqHnG3MVnqKe7Al57u9mwgbyZ2/xF9Jio72MaY7xxh+Y87VAHmGQr73qoKL9HPbXj1g==}
    cpu: [arm]
    os: [linux]
    requiresBuild: true
    dev: true
    optional: true

  /@rollup/rollup-linux-arm-musleabihf@4.34.8:
    resolution: {integrity: sha512-S0lqKLfTm5u+QTxlFiAnb2J/2dgQqRy/XvziPtDd1rKZFXHTyYLoVL58M/XFwDI01AQCDIevGLbQrMAtdyanpA==}
    cpu: [arm]
    os: [linux]
    requiresBuild: true
    dev: true
    optional: true

  /@rollup/rollup-linux-arm64-gnu@4.34.8:
    resolution: {integrity: sha512-jpz9YOuPiSkL4G4pqKrus0pn9aYwpImGkosRKwNi+sJSkz+WU3anZe6hi73StLOQdfXYXC7hUfsQlTnjMd3s1A==}
    cpu: [arm64]
    os: [linux]
    requiresBuild: true
    dev: true
    optional: true

  /@rollup/rollup-linux-arm64-musl@4.34.8:
    resolution: {integrity: sha512-KdSfaROOUJXgTVxJNAZ3KwkRc5nggDk+06P6lgi1HLv1hskgvxHUKZ4xtwHkVYJ1Rep4GNo+uEfycCRRxht7+Q==}
    cpu: [arm64]
    os: [linux]
    requiresBuild: true
    dev: true
    optional: true

  /@rollup/rollup-linux-loongarch64-gnu@4.34.8:
    resolution: {integrity: sha512-NyF4gcxwkMFRjgXBM6g2lkT58OWztZvw5KkV2K0qqSnUEqCVcqdh2jN4gQrTn/YUpAcNKyFHfoOZEer9nwo6uQ==}
    cpu: [loong64]
    os: [linux]
    requiresBuild: true
    dev: true
    optional: true

  /@rollup/rollup-linux-powerpc64le-gnu@4.34.8:
    resolution: {integrity: sha512-LMJc999GkhGvktHU85zNTDImZVUCJ1z/MbAJTnviiWmmjyckP5aQsHtcujMjpNdMZPT2rQEDBlJfubhs3jsMfw==}
    cpu: [ppc64]
    os: [linux]
    requiresBuild: true
    dev: true
    optional: true

  /@rollup/rollup-linux-riscv64-gnu@4.34.8:
    resolution: {integrity: sha512-xAQCAHPj8nJq1PI3z8CIZzXuXCstquz7cIOL73HHdXiRcKk8Ywwqtx2wrIy23EcTn4aZ2fLJNBB8d0tQENPCmw==}
    cpu: [riscv64]
    os: [linux]
    requiresBuild: true
    dev: true
    optional: true

  /@rollup/rollup-linux-s390x-gnu@4.34.8:
    resolution: {integrity: sha512-DdePVk1NDEuc3fOe3dPPTb+rjMtuFw89gw6gVWxQFAuEqqSdDKnrwzZHrUYdac7A7dXl9Q2Vflxpme15gUWQFA==}
    cpu: [s390x]
    os: [linux]
    requiresBuild: true
    dev: true
    optional: true

  /@rollup/rollup-linux-x64-gnu@4.34.8:
    resolution: {integrity: sha512-8y7ED8gjxITUltTUEJLQdgpbPh1sUQ0kMTmufRF/Ns5tI9TNMNlhWtmPKKHCU0SilX+3MJkZ0zERYYGIVBYHIA==}
    cpu: [x64]
    os: [linux]
    requiresBuild: true
    dev: true
    optional: true

  /@rollup/rollup-linux-x64-musl@4.34.8:
    resolution: {integrity: sha512-SCXcP0ZpGFIe7Ge+McxY5zKxiEI5ra+GT3QRxL0pMMtxPfpyLAKleZODi1zdRHkz5/BhueUrYtYVgubqe9JBNQ==}
    cpu: [x64]
    os: [linux]
    requiresBuild: true
    dev: true
    optional: true

  /@rollup/rollup-win32-arm64-msvc@4.34.8:
    resolution: {integrity: sha512-YHYsgzZgFJzTRbth4h7Or0m5O74Yda+hLin0irAIobkLQFRQd1qWmnoVfwmKm9TXIZVAD0nZ+GEb2ICicLyCnQ==}
    cpu: [arm64]
    os: [win32]
    requiresBuild: true
    dev: true
    optional: true

  /@rollup/rollup-win32-ia32-msvc@4.34.8:
    resolution: {integrity: sha512-r3NRQrXkHr4uWy5TOjTpTYojR9XmF0j/RYgKCef+Ag46FWUTltm5ziticv8LdNsDMehjJ543x/+TJAek/xBA2w==}
    cpu: [ia32]
    os: [win32]
    requiresBuild: true
    dev: true
    optional: true

  /@rollup/rollup-win32-x64-msvc@4.34.8:
    resolution: {integrity: sha512-U0FaE5O1BCpZSeE6gBl3c5ObhePQSfk9vDRToMmTkbhCOgW4jqvtS5LGyQ76L1fH8sM0keRp4uDTsbjiUyjk0g==}
    cpu: [x64]
    os: [win32]
    requiresBuild: true
    dev: true
    optional: true

  /@types/color-convert@2.0.4:
    resolution: {integrity: sha512-Ub1MmDdyZ7mX//g25uBAoH/mWGd9swVbt8BseymnaE18SU4po/PjmCrHxqIIRjBo3hV/vh1KGr0eMxUhp+t+dQ==}
    dependencies:
      '@types/color-name': 1.1.5
    dev: false

  /@types/color-name@1.1.5:
    resolution: {integrity: sha512-j2K5UJqGTxeesj6oQuGpMgifpT5k9HprgQd8D1Y0lOFqKHl3PJu5GMeS4Y5EgjS55AE6OQxf8mPED9uaGbf4Cg==}
    dev: false

  /@types/estree@1.0.6:
    resolution: {integrity: sha512-AYnb1nQyY49te+VRAVgmzfcgjYS91mY5P0TKUDCLEM+gNnA+3T6rWITXRLYCpahpqSQbN5cE+gHpnPyXjHWxcw==}
    dev: true

  /@types/lodash-es@4.17.12:
    resolution: {integrity: sha512-0NgftHUcV4v34VhXm8QBSftKVXtbkBG3ViCjs6+eJ5a6y6Mi/jiFGPc1sC7QK+9BFhWrURE3EOggmWaSxL9OzQ==}
    dependencies:
      '@types/lodash': 4.17.15
    dev: false

  /@types/lodash@4.17.15:
    resolution: {integrity: sha512-w/P33JFeySuhN6JLkysYUK2gEmy9kHHFN7E8ro0tkfmlDOgxBDzWEZ/J8cWA+fHqFevpswDTFZnDx+R9lbL6xw==}
    dev: false

  /@types/marked@4.3.2:
    resolution: {integrity: sha512-a79Yc3TOk6dGdituy8hmTTJXjOkZ7zsFYV10L337ttq/rec8lRMDBpV7fL3uLx6TgbFCa5DU/h8FmIBQPSbU0w==}
    dev: false

  /@types/trusted-types@2.0.7:
    resolution: {integrity: sha512-ScaPdn1dQczgbl0QFTeTOmVHFULt394XJgOQNoyVhZ6r2vLnMLJfBPd53SB52T/3G36VI1/g2MZaX0cwDuXsfw==}
    dev: false

  /@types/turndown@5.0.5:
    resolution: {integrity: sha512-TL2IgGgc7B5j78rIccBtlYAnkuv8nUQqhQc+DSYV5j9Be9XOcm/SKOVRuA47xAVI3680Tk9B1d8flK2GWT2+4w==}
    dev: false

  /blurhash@2.0.5:
    resolution: {integrity: sha512-cRygWd7kGBQO3VEhPiTgq4Wc43ctsM+o46urrmPOiuAe+07fzlSB9OJVdpgDL0jPqXUVQ9ht7aq7kxOeJHRK+w==}
    dev: false

  /ckeditor5@44.2.1:
    resolution: {integrity: sha512-pckC3jrAhtfFGnYgtihbiZ2yDeNT1lfXizOC7PikHfg4hqzXZnXI+XnvhlDeQcoHoRfMi/XJdUBHGbNicmJu3w==}
    dependencies:
      '@ckeditor/ckeditor5-adapter-ckfinder': 44.2.1
      '@ckeditor/ckeditor5-alignment': 44.2.1
      '@ckeditor/ckeditor5-autoformat': 44.2.1
      '@ckeditor/ckeditor5-autosave': 44.2.1
      '@ckeditor/ckeditor5-basic-styles': 44.2.1
      '@ckeditor/ckeditor5-block-quote': 44.2.1
      '@ckeditor/ckeditor5-bookmark': 44.2.1
      '@ckeditor/ckeditor5-ckbox': 44.2.1
      '@ckeditor/ckeditor5-ckfinder': 44.2.1
      '@ckeditor/ckeditor5-clipboard': 44.2.1
      '@ckeditor/ckeditor5-cloud-services': 44.2.1
      '@ckeditor/ckeditor5-code-block': 44.2.1
      '@ckeditor/ckeditor5-core': 44.2.1
      '@ckeditor/ckeditor5-easy-image': 44.2.1
      '@ckeditor/ckeditor5-editor-balloon': 44.2.1
      '@ckeditor/ckeditor5-editor-classic': 44.2.1
      '@ckeditor/ckeditor5-editor-decoupled': 44.2.1
      '@ckeditor/ckeditor5-editor-inline': 44.2.1
      '@ckeditor/ckeditor5-editor-multi-root': 44.2.1
      '@ckeditor/ckeditor5-emoji': 44.2.1
      '@ckeditor/ckeditor5-engine': 44.2.1
      '@ckeditor/ckeditor5-enter': 44.2.1
      '@ckeditor/ckeditor5-essentials': 44.2.1
      '@ckeditor/ckeditor5-find-and-replace': 44.2.1
      '@ckeditor/ckeditor5-font': 44.2.1
      '@ckeditor/ckeditor5-heading': 44.2.1
      '@ckeditor/ckeditor5-highlight': 44.2.1
      '@ckeditor/ckeditor5-horizontal-line': 44.2.1
      '@ckeditor/ckeditor5-html-embed': 44.2.1
      '@ckeditor/ckeditor5-html-support': 44.2.1
      '@ckeditor/ckeditor5-image': 44.2.1
      '@ckeditor/ckeditor5-indent': 44.2.1
      '@ckeditor/ckeditor5-language': 44.2.1
      '@ckeditor/ckeditor5-link': 44.2.1
      '@ckeditor/ckeditor5-list': 44.2.1
      '@ckeditor/ckeditor5-markdown-gfm': 44.2.1
      '@ckeditor/ckeditor5-media-embed': 44.2.1
      '@ckeditor/ckeditor5-mention': 44.2.1
      '@ckeditor/ckeditor5-minimap': 44.2.1
      '@ckeditor/ckeditor5-page-break': 44.2.1
      '@ckeditor/ckeditor5-paragraph': 44.2.1
      '@ckeditor/ckeditor5-paste-from-office': 44.2.1
      '@ckeditor/ckeditor5-remove-format': 44.2.1
      '@ckeditor/ckeditor5-restricted-editing': 44.2.1
      '@ckeditor/ckeditor5-select-all': 44.2.1
      '@ckeditor/ckeditor5-show-blocks': 44.2.1
      '@ckeditor/ckeditor5-source-editing': 44.2.1
      '@ckeditor/ckeditor5-special-characters': 44.2.1
      '@ckeditor/ckeditor5-style': 44.2.1
      '@ckeditor/ckeditor5-table': 44.2.1
      '@ckeditor/ckeditor5-theme-lark': 44.2.1
      '@ckeditor/ckeditor5-typing': 44.2.1
      '@ckeditor/ckeditor5-ui': 44.2.1
      '@ckeditor/ckeditor5-undo': 44.2.1
      '@ckeditor/ckeditor5-upload': 44.2.1
      '@ckeditor/ckeditor5-utils': 44.2.1
      '@ckeditor/ckeditor5-watchdog': 44.2.1
      '@ckeditor/ckeditor5-widget': 44.2.1
      '@ckeditor/ckeditor5-word-count': 44.2.1
    dev: false

  /color-convert@2.0.1:
    resolution: {integrity: sha512-RRECPsj7iu/xb5oKYcsFHSppFNnsj/52OVTRKb4zP5onXwVF3zVmmToNcOfGC+CRDpfK/U584fMg38ZHCaElKQ==}
    engines: {node: '>=7.0.0'}
    dependencies:
      color-name: 1.1.4
    dev: false

  /color-name@1.1.4:
    resolution: {integrity: sha512-dOy+3AuW3a2wNbZHIuMZpTcgjGuLU/uBL/ubcZF9OXbDo8ff4O8yVp5Bf0efS8uEoYo5q4Fx7dY9OgQGXgAsQA==}
    dev: false

  /color-parse@1.4.2:
    resolution: {integrity: sha512-RI7s49/8yqDj3fECFZjUI1Yi0z/Gq1py43oNJivAIIDSyJiOZLfYCRQEgn8HEVAj++PcRe8AnL2XF0fRJ3BTnA==}
    dependencies:
      color-name: 1.1.4
    dev: false

  /esbuild@0.24.2:
    resolution: {integrity: sha512-+9egpBW8I3CD5XPe0n6BfT5fxLzxrlDzqydF3aviG+9ni1lDC/OvMHcxqEFV0+LANZG5R1bFMWfUrjVsdwxJvA==}
    engines: {node: '>=18'}
    hasBin: true
    optionalDependencies:
      '@esbuild/aix-ppc64': 0.24.2
      '@esbuild/android-arm': 0.24.2
      '@esbuild/android-arm64': 0.24.2
      '@esbuild/android-x64': 0.24.2
      '@esbuild/darwin-arm64': 0.24.2
      '@esbuild/darwin-x64': 0.24.2
      '@esbuild/freebsd-arm64': 0.24.2
      '@esbuild/freebsd-x64': 0.24.2
      '@esbuild/linux-arm': 0.24.2
      '@esbuild/linux-arm64': 0.24.2
      '@esbuild/linux-ia32': 0.24.2
      '@esbuild/linux-loong64': 0.24.2
      '@esbuild/linux-mips64el': 0.24.2
      '@esbuild/linux-ppc64': 0.24.2
      '@esbuild/linux-riscv64': 0.24.2
      '@esbuild/linux-s390x': 0.24.2
      '@esbuild/linux-x64': 0.24.2
      '@esbuild/netbsd-arm64': 0.24.2
      '@esbuild/netbsd-x64': 0.24.2
      '@esbuild/openbsd-arm64': 0.24.2
      '@esbuild/openbsd-x64': 0.24.2
      '@esbuild/sunos-x64': 0.24.2
      '@esbuild/win32-arm64': 0.24.2
      '@esbuild/win32-ia32': 0.24.2
      '@esbuild/win32-x64': 0.24.2
    dev: true

  /fsevents@2.3.3:
    resolution: {integrity: sha512-5xoDfX+fL7faATnagmWPpbFtwh/R77WmMMqqHGS65C3vvB0YHrgF+B1YmZ3441tMj5n63k0212XNoJwzlhffQw==}
    engines: {node: ^8.16.0 || ^10.6.0 || >=11.0.0}
    os: [darwin]
    requiresBuild: true
    dev: true
    optional: true

  /fuzzysort@3.1.0:
    resolution: {integrity: sha512-sR9BNCjBg6LNgwvxlBd0sBABvQitkLzoVY9MYYROQVX/FvfJ4Mai9LsGhDgd8qYdds0bY77VzYd5iuB+v5rwQQ==}
    dev: false

  /lit-element@4.1.1:
    resolution: {integrity: sha512-HO9Tkkh34QkTeUmEdNYhMT8hzLid7YlMlATSi1q4q17HE5d9mrrEHJ/o8O2D0cMi182zK1F3v7x0PWFjrhXFew==}
    dependencies:
      '@lit-labs/ssr-dom-shim': 1.3.0
      '@lit/reactive-element': 2.0.4
      lit-html: 3.2.1
    dev: false

  /lit-html@3.2.1:
    resolution: {integrity: sha512-qI/3lziaPMSKsrwlxH/xMgikhQ0EGOX2ICU73Bi/YHFvz2j/yMCIrw4+puF2IpQ4+upd3EWbvnHM9+PnJn48YA==}
    dependencies:
      '@types/trusted-types': 2.0.7
    dev: false

  /lit@3.2.1:
    resolution: {integrity: sha512-1BBa1E/z0O9ye5fZprPtdqnc0BFzxIxTTOO/tQFmyC/hj1O3jL4TfmLBw0WEwjAokdLwpclkvGgDJwTIh0/22w==}
    dependencies:
      '@lit/reactive-element': 2.0.4
      lit-element: 4.1.1
      lit-html: 3.2.1
    dev: false

  /lodash-es@4.17.21:
    resolution: {integrity: sha512-mKnC+QJ9pWVzv+C4/U3rRsHapFfHvQFoFB92e52xeyGMcX6/OlIl78je1u8vePzYZSkkogMPJ2yjxxsb89cxyw==}
    dev: false

  /marked@4.0.12:
    resolution: {integrity: sha512-hgibXWrEDNBWgGiK18j/4lkS6ihTe9sxtV4Q1OQppb/0zzyPSzoFANBa5MfsG/zgsWklmNnhm0XACZOH/0HBiQ==}
    engines: {node: '>= 12'}
    hasBin: true
    dev: false

  /nanoid@3.3.8:
    resolution: {integrity: sha512-WNLf5Sd8oZxOm+TzppcYk8gVOgP+l58xNy58D0nbUnOxOWRWvlcCV4kUF7ltmI6PsrLl/BgKEyS4mqsGChFN0w==}
    engines: {node: ^10 || ^12 || ^13.7 || ^14 || >=15.0.1}
    hasBin: true
    dev: true

  /picocolors@1.1.1:
    resolution: {integrity: sha512-xceH2snhtb5M9liqDsmEw56le376mTZkEX/jEb/RxNFyegNul7eNslCXP9FDj/Lcu0X8KEyMceP2ntpaHrDEVA==}
    dev: true

  /postcss@8.5.3:
    resolution: {integrity: sha512-dle9A3yYxlBSrt8Fu+IpjGT8SY8hN0mlaA6GY8t0P5PjIOZemULz/E2Bnm/2dcUOena75OTNkHI76uZBNUUq3A==}
    engines: {node: ^10 || ^12 || >=14}
    dependencies:
      nanoid: 3.3.8
      picocolors: 1.1.1
      source-map-js: 1.2.1
    dev: true

  /rollup@4.34.8:
    resolution: {integrity: sha512-489gTVMzAYdiZHFVA/ig/iYFllCcWFHMvUHI1rpFmkoUtRlQxqh6/yiNqnYibjMZ2b/+FUQwldG+aLsEt6bglQ==}
    engines: {node: '>=18.0.0', npm: '>=8.0.0'}
    hasBin: true
    dependencies:
      '@types/estree': 1.0.6
    optionalDependencies:
      '@rollup/rollup-android-arm-eabi': 4.34.8
      '@rollup/rollup-android-arm64': 4.34.8
      '@rollup/rollup-darwin-arm64': 4.34.8
      '@rollup/rollup-darwin-x64': 4.34.8
      '@rollup/rollup-freebsd-arm64': 4.34.8
      '@rollup/rollup-freebsd-x64': 4.34.8
      '@rollup/rollup-linux-arm-gnueabihf': 4.34.8
      '@rollup/rollup-linux-arm-musleabihf': 4.34.8
      '@rollup/rollup-linux-arm64-gnu': 4.34.8
      '@rollup/rollup-linux-arm64-musl': 4.34.8
      '@rollup/rollup-linux-loongarch64-gnu': 4.34.8
      '@rollup/rollup-linux-powerpc64le-gnu': 4.34.8
      '@rollup/rollup-linux-riscv64-gnu': 4.34.8
      '@rollup/rollup-linux-s390x-gnu': 4.34.8
      '@rollup/rollup-linux-x64-gnu': 4.34.8
      '@rollup/rollup-linux-x64-musl': 4.34.8
      '@rollup/rollup-win32-arm64-msvc': 4.34.8
      '@rollup/rollup-win32-ia32-msvc': 4.34.8
      '@rollup/rollup-win32-x64-msvc': 4.34.8
      fsevents: 2.3.3
    dev: true

  /source-map-js@1.2.1:
    resolution: {integrity: sha512-UXWMKhLOwVKb728IUtQPXxfYU+usdybtUrK/8uGE8CQMvrhOpwvzDBwj0QhSL7MQc7vIsISBG8VQ8+IDQxpfQA==}
    engines: {node: '>=0.10.0'}
    dev: true

  /turndown-plugin-gfm@1.0.2:
    resolution: {integrity: sha512-vwz9tfvF7XN/jE0dGoBei3FXWuvll78ohzCZQuOb+ZjWrs3a0XhQVomJEb2Qh4VHTPNRO4GPZh0V7VRbiWwkRg==}
    dev: false

  /turndown@7.2.0:
    resolution: {integrity: sha512-eCZGBN4nNNqM9Owkv9HAtWRYfLA4h909E/WGAWWBpmB275ehNhZyk87/Tpvjbp0jjNl9XwCsbe6bm6CqFsgD+A==}
    dependencies:
      '@mixmark-io/domino': 2.2.0
    dev: false

  /typescript@5.7.3:
    resolution: {integrity: sha512-84MVSjMEHP+FQRPy3pX9sTVV/INIex71s9TL2Gm5FG/WG1SqXeKyZ0k7/blY/4FdOzI12CBy1vGc4og/eus0fw==}
    engines: {node: '>=14.17'}
    hasBin: true
    dev: true

  /vanilla-colorful@0.7.2:
    resolution: {integrity: sha512-z2YZusTFC6KnLERx1cgoIRX2CjPRP0W75N+3CC6gbvdX5Ch47rZkEMGO2Xnf+IEmi3RiFLxS18gayMA27iU7Kg==}
    dev: false

  /vite@6.1.1:
    resolution: {integrity: sha512-4GgM54XrwRfrOp297aIYspIti66k56v16ZnqHvrIM7mG+HjDlAwS7p+Srr7J6fGvEdOJ5JcQ/D9T7HhtdXDTzA==}
    engines: {node: ^18.0.0 || ^20.0.0 || >=22.0.0}
    hasBin: true
    peerDependencies:
      '@types/node': ^18.0.0 || ^20.0.0 || >=22.0.0
      jiti: '>=1.21.0'
      less: '*'
      lightningcss: ^1.21.0
      sass: '*'
      sass-embedded: '*'
      stylus: '*'
      sugarss: '*'
      terser: ^5.16.0
      tsx: ^4.8.1
      yaml: ^2.4.2
    peerDependenciesMeta:
      '@types/node':
        optional: true
      jiti:
        optional: true
      less:
        optional: true
      lightningcss:
        optional: true
      sass:
        optional: true
      sass-embedded:
        optional: true
      stylus:
        optional: true
      sugarss:
        optional: true
      terser:
        optional: true
      tsx:
        optional: true
      yaml:
        optional: true
    dependencies:
      esbuild: 0.24.2
      postcss: 8.5.3
      rollup: 4.34.8
    optionalDependencies:
      fsevents: 2.3.3
    dev: true
